
Microsoft Visual Studio Solution File, Format Version 11.00
# Visual Studio 2010
Project("{FAE04EC0-301F-11D3-BF4B-00C04F79EFBC}") = "MoON", "Assembly-CSharp.csproj", "{FD6385BC-EDCF-404B-66EC-835447EE2D05}"
EndProject
Project("{FAE04EC0-301F-11D3-BF4B-00C04F79EFBC}") = "MoON", "Assembly-CSharp-Editor.csproj", "{B908AC21-26E8-ADE9-FBA8-10175EBEB8A0}"
EndProject
Global
	GlobalSection(SolutionConfigurationPlatforms) = preSolution
		Debug|Any CPU = Debug|Any CPU
		Release|Any CPU = Release|Any CPU
	EndGlobalSection
	GlobalSection(ProjectConfigurationPlatforms) = postSolution
		{FD6385BC-EDCF-404B-66EC-835447EE2D05}.Debug|Any CPU.ActiveCfg = Debug|Any CPU
		{FD6385BC-EDCF-404B-66EC-835447EE2D05}.Debug|Any CPU.Build.0 = Debug|Any CPU
		{FD6385BC-EDCF-404B-66EC-835447EE2D05}.Release|Any CPU.ActiveCfg = Release|Any CPU
		{FD6385BC-EDCF-404B-66EC-835447EE2D05}.Release|Any CPU.Build.0 = Release|Any CPU
		{B908AC21-26E8-ADE9-FBA8-10175EBEB8A0}.Debug|Any CPU.ActiveCfg = Debug|Any CPU
		{B908AC21-26E8-ADE9-FBA8-10175EBEB8A0}.Debug|Any CPU.Build.0 = Debug|Any CPU
		{B908AC21-26E8-ADE9-FBA8-10175EBEB8A0}.Release|Any CPU.ActiveCfg = Release|Any CPU
		{B908AC21-26E8-ADE9-FBA8-10175EBEB8A0}.Release|Any CPU.Build.0 = Release|Any CPU
	EndGlobalSection
	GlobalSection(SolutionProperties) = preSolution
		HideSolutionNode = FALSE
	EndGlobalSection
	GlobalSection(MonoDevelopProperties) = preSolution
		StartupItem = Assembly-CSharp.csproj
	EndGlobalSection
EndGlobal
